// !$*UTF8*$!
{
	archiveVersion = 1;
	classes = {
	};
	objectVersion = 56;
	objects = {

/* Begin PBXBuildFile section */
		6A836E0B2B06340200E323D0 /* Assets.xcassets in Resources */ = {isa = PBXBuildFile; fileRef = 6A836E0A2B06340200E323D0 /* Assets.xcassets */; };
		6A836E0E2B06340200E323D0 /* Preview Assets.xcassets in Resources */ = {isa = PBXBuildFile; fileRef = 6A836E0D2B06340200E323D0 /* Preview Assets.xcassets */; };
		6A836E182B06342500E323D0 /* ARView.swift in Sources */ = {isa = PBXBuildFile; fileRef = 6A836E142B06342500E323D0 /* ARView.swift */; };
		6A836E192B06342500E323D0 /* ShaderDemoApp.swift in Sources */ = {isa = PBXBuildFile; fileRef = 6A836E152B06342500E323D0 /* ShaderDemoApp.swift */; };
		6A836E1A2B06342500E323D0 /* ContentView.swift in Sources */ = {isa = PBXBuildFile; fileRef = 6A836E162B06342500E323D0 /* ContentView.swift */; };
		6A836E1B2B06342500E323D0 /* ViewModel.swift in Sources */ = {isa = PBXBuildFile; fileRef = 6A836E172B06342500E323D0 /* ViewModel.swift */; };
		6A836E222B06344F00E323D0 /* box-a.usdz in Resources */ = {isa = PBXBuildFile; fileRef = 6A836E1D2B06344E00E323D0 /* box-a.usdz */; };
		6A836E242B06344F00E323D0 /* box-b.usdz in Resources */ = {isa = PBXBuildFile; fileRef = 6A836E1F2B06344E00E323D0 /* box-b.usdz */; };
		6A836E272B06345E00E323D0 /* checker.png in Resources */ = {isa = PBXBuildFile; fileRef = 6A836E262B06345E00E323D0 /* checker.png */; };
		6A836E292B06358100E323D0 /* shaders.metal in Sources */ = {isa = PBXBuildFile; fileRef = 6A836E282B06358100E323D0 /* shaders.metal */; };
/* End PBXBuildFile section */

/* Begin PBXFileReference section */
		6A836E032B06340100E323D0 /* ShaderDemo.app */ = {isa = PBXFileReference; explicitFileType = wrapper.application; includeInIndex = 0; path = ShaderDemo.app; sourceTree = BUILT_PRODUCTS_DIR; };
		6A836E0A2B06340200E323D0 /* Assets.xcassets */ = {isa = PBXFileReference; lastKnownFileType = folder.assetcatalog; path = Assets.xcassets; sourceTree = "<group>"; };
		6A836E0D2B06340200E323D0 /* Preview Assets.xcassets */ = {isa = PBXFileReference; lastKnownFileType = folder.assetcatalog; path = "Preview Assets.xcassets"; sourceTree = "<group>"; };
		6A836E142B06342500E323D0 /* ARView.swift */ = {isa = PBXFileReference; fileEncoding = 4; lastKnownFileType = sourcecode.swift; path = ARView.swift; sourceTree = "<group>"; };
		6A836E152B06342500E323D0 /* ShaderDemoApp.swift */ = {isa = PBXFileReference; fileEncoding = 4; lastKnownFileType = sourcecode.swift; path = ShaderDemoApp.swift; sourceTree = "<group>"; };
		6A836E162B06342500E323D0 /* ContentView.swift */ = {isa = PBXFileReference; fileEncoding = 4; lastKnownFileType = sourcecode.swift; path = ContentView.swift; sourceTree = "<group>"; };
		6A836E172B06342500E323D0 /* ViewModel.swift */ = {isa = PBXFileReference; fileEncoding = 4; lastKnownFileType = sourcecode.swift; path = ViewModel.swift; sourceTree = "<group>"; };
		6A836E1D2B06344E00E323D0 /* box-a.usdz */ = {isa = PBXFileReference; lastKnownFileType = file.usdz; path = "box-a.usdz"; sourceTree = "<group>"; };
		6A836E1F2B06344E00E323D0 /* box-b.usdz */ = {isa = PBXFileReference; lastKnownFileType = file.usdz; path = "box-b.usdz"; sourceTree = "<group>"; };
		6A836E262B06345E00E323D0 /* checker.png */ = {isa = PBXFileReference; lastKnownFileType = image.png; path = checker.png; sourceTree = "<group>"; };
		6A836E282B06358100E323D0 /* shaders.metal */ = {isa = PBXFileReference; fileEncoding = 4; lastKnownFileType = sourcecode.metal; path = shaders.metal; sourceTree = "<group>"; };
/* End PBXFileReference section */

/* Begin PBXFrameworksBuildPhase section */
		6A836E002B06340100E323D0 /* Frameworks */ = {
			isa = PBXFrameworksBuildPhase;
			buildActionMask = 2147483647;
			files = (
			);
			runOnlyForDeploymentPostprocessing = 0;
		};
/* End PBXFrameworksBuildPhase section */

/* Begin PBXGroup section */
		6A836DFA2B06340100E323D0 = {
			isa = PBXGroup;
			children = (
				6A836E052B06340100E323D0 /* ShaderDemo */,
				6A836E042B06340100E323D0 /* Products */,
			);
			sourceTree = "<group>";
		};
		6A836E042B06340100E323D0 /* Products */ = {
			isa = PBXGroup;
			children = (
				6A836E032B06340100E323D0 /* ShaderDemo.app */,
			);
			name = Products;
			sourceTree = "<group>";
		};
		6A836E052B06340100E323D0 /* ShaderDemo */ = {
			isa = PBXGroup;
			children = (
				6A836E152B06342500E323D0 /* ShaderDemoApp.swift */,
				6A836E172B06342500E323D0 /* ViewModel.swift */,
				6A836E162B06342500E323D0 /* ContentView.swift */,
				6A836E142B06342500E323D0 /* ARView.swift */,
				6A836E282B06358100E323D0 /* shaders.metal */,
				6A836E0A2B06340200E323D0 /* Assets.xcassets */,
				6A836E1C2B06344E00E323D0 /* Models */,
				6A836E202B06344E00E323D0 /* Textures */,
				6A836E0C2B06340200E323D0 /* Preview Content */,
			);
			path = ShaderDemo;
			sourceTree = "<group>";
		};
		6A836E0C2B06340200E323D0 /* Preview Content */ = {
			isa = PBXGroup;
			children = (
				6A836E0D2B06340200E323D0 /* Preview Assets.xcassets */,
			);
			path = "Preview Content";
			sourceTree = "<group>";
		};
		6A836E1C2B06344E00E323D0 /* Models */ = {
			isa = PBXGroup;
			children = (
				6A836E1D2B06344E00E323D0 /* box-a.usdz */,
				6A836E1F2B06344E00E323D0 /* box-b.usdz */,
			);
			path = Models;
			sourceTree = "<group>";
		};
		6A836E202B06344E00E323D0 /* Textures */ = {
			isa = PBXGroup;
			children = (
				6A836E262B06345E00E323D0 /* checker.png */,
			);
			path = Textures;
			sourceTree = "<group>";
		};
/* End PBXGroup section */

/* Begin PBXNativeTarget section */
		6A836E022B06340100E323D0 /* ShaderDemo */ = {
			isa = PBXNativeTarget;
			buildConfigurationList = 6A836E112B06340200E323D0 /* Build configuration list for PBXNativeTarget "ShaderDemo" */;
			buildPhases = (
				6A836DFF2B06340100E323D0 /* Sources */,
				6A836E002B06340100E323D0 /* Frameworks */,
				6A836E012B06340100E323D0 /* Resources */,
			);
			buildRules = (
			);
			dependencies = (
			);
			name = ShaderDemo;
			productName = ShaderDemo;
			productReference = 6A836E032B06340100E323D0 /* ShaderDemo.app */;
			productType = "com.apple.product-type.application";
		};
/* End PBXNativeTarget section */

/* Begin PBXProject section */
		6A836DFB2B06340100E323D0 /* Project object */ = {
			isa = PBXProject;
			attributes = {
				BuildIndependentTargetsInParallel = 1;
				LastSwiftUpdateCheck = 1500;
				LastUpgradeCheck = 1500;
				ORGANIZATIONNAME = "Line Break, LLC";
				TargetAttributes = {
					6A836E022B06340100E323D0 = {
						CreatedOnToolsVersion = 15.0.1;
						LastSwiftMigration = 1500;
					};
				};
			};
			buildConfigurationList = 6A836DFE2B06340100E323D0 /* Build configuration list for PBXProject "ShaderDemo" */;
			compatibilityVersion = "Xcode 14.0";
			developmentRegion = en;
			hasScannedForEncodings = 0;
			knownRegions = (
				en,
				Base,
			);
			mainGroup = 6A836DFA2B06340100E323D0;
			productRefGroup = 6A836E042B06340100E323D0 /* Products */;
			projectDirPath = "";
			projectRoot = "";
			targets = (
				6A836E022B06340100E323D0 /* ShaderDemo */,
			);
		};
/* End PBXProject section */

/* Begin PBXResourcesBuildPhase section */
		6A836E012B06340100E323D0 /* Resources */ = {
			isa = PBXResourcesBuildPhase;
			buildActionMask = 2147483647;
			files = (
				6A836E0E2B06340200E323D0 /* Preview Assets.xcassets in Resources */,
				6A836E0B2B06340200E323D0 /* Assets.xcassets in Resources */,
				6A836E272B06345E00E323D0 /* checker.png in Resources */,
				6A836E222B06344F00E323D0 /* box-a.usdz in Resources */,
				6A836E242B06344F00E323D0 /* box-b.usdz in Resources */,
			);
			runOnlyForDeploymentPostprocessing = 0;
		};
/* End PBXResourcesBuildPhase section */

/* Begin PBXSourcesBuildPhase section */
		6A836DFF2B06340100E323D0 /* Sources */ = {
			isa = PBXSourcesBuildPhase;
			buildActionMask = 2147483647;
			files = (
				6A836E182B06342500E323D0 /* ARView.swift in Sources */,
				6A836E292B06358100E323D0 /* shaders.metal in Sources */,
				6A836E192B06342500E323D0 /* ShaderDemoApp.swift in Sources */,
				6A836E1B2B06342500E323D0 /* ViewModel.swift in Sources */,
				6A836E1A2B06342500E323D0 /* ContentView.swift in Sources */,
			);
			runOnlyForDeploymentPostprocessing = 0;
		};
/* End PBXSourcesBuildPhase section */

/* Begin XCBuildConfiguration section */
		6A836E0F2B06340200E323D0 /* Debug */ = {
			isa = XCBuildConfiguration;
			buildSettings = {
				ALWAYS_SEARCH_USER_PATHS = NO;
				ASSETCATALOG_COMPILER_GENERATE_SWIFT_ASSET_SYMBOL_EXTENSIONS = YES;
				CLANG_ANALYZER_NONNULL = YES;
				CLANG_ANALYZER_NUMBER_OBJECT_CONVERSION = YES_AGGRESSIVE;
				CLANG_CXX_LANGUAGE_STANDARD = "gnu++20";
				CLANG_ENABLE_MODULES = YES;
				CLANG_ENABLE_OBJC_ARC = YES;
				CLANG_ENABLE_OBJC_WEAK = YES;
				CLANG_WARN_BLOCK_CAPTURE_AUTORELEASING = YES;
				CLANG_WARN_BOOL_CONVERSION = YES;
				CLANG_WARN_COMMA = YES;
				CLANG_WARN_CONSTANT_CONVERSION = YES;
				CLANG_WARN_DEPRECATED_OBJC_IMPLEMENTATIONS = YES;
				CLANG_WARN_DIRECT_OBJC_ISA_USAGE = YES_ERROR;
				CLANG_WARN_DOCUMENTATION_COMMENTS = YES;
				CLANG_WARN_EMPTY_BODY = YES;
				CLANG_WARN_ENUM_CONVERSION = YES;
				CLANG_WARN_INFINITE_RECURSION = YES;
				CLANG_WARN_INT_CONVERSION = YES;
				CLANG_WARN_NON_LITERAL_NULL_CONVERSION = YES;
				CLANG_WARN_OBJC_IMPLICIT_RETAIN_SELF = YES;
				CLANG_WARN_OBJC_LITERAL_CONVERSION = YES;
				CLANG_WARN_OBJC_ROOT_CLASS = YES_ERROR;
				CLANG_WARN_QUOTED_INCLUDE_IN_FRAMEWORK_HEADER = YES;
				CLANG_WARN_RANGE_LOOP_ANALYSIS = YES;
				CLANG_WARN_STRICT_PROTOTYPES = YES;
				CLANG_WARN_SUSPICIOUS_MOVE = YES;
				CLANG_WARN_UNGUARDED_AVAILABILITY = YES_AGGRESSIVE;
				CLANG_WARN_UNREACHABLE_CODE = YES;
				CLANG_WARN__DUPLICATE_METHOD_MATCH = YES;
				COPY_PHASE_STRIP = NO;
				DEBUG_INFORMATION_FORMAT = dwarf;
				ENABLE_STRICT_OBJC_MSGSEND = YES;
				ENABLE_TESTABILITY = YES;
				ENABLE_USER_SCRIPT_SANDBOXING = YES;
				GCC_C_LANGUAGE_STANDARD = gnu17;
				GCC_DYNAMIC_NO_PIC = NO;
				GCC_NO_COMMON_BLOCKS = YES;
				GCC_OPTIMIZATION_LEVEL = 0;
				GCC_PREPROCESSOR_DEFINITIONS = (
					"DEBUG=1",
					"$(inherited)",
				);
				GCC_WARN_64_TO_32_BIT_CONVERSION = YES;
				GCC_WARN_ABOUT_RETURN_TYPE = YES_ERROR;
				GCC_WARN_UNDECLARED_SELECTOR = YES;
				GCC_WARN_UNINITIALIZED_AUTOS = YES_AGGRESSIVE;
				GCC_WARN_UNUSED_FUNCTION = YES;
				GCC_WARN_UNUSED_VARIABLE = YES;
				IPHONEOS_DEPLOYMENT_TARGET = 17.0;
				LOCALIZATION_PREFERS_STRING_CATALOGS = YES;
				MTL_ENABLE_DEBUG_INFO = INCLUDE_SOURCE;
				MTL_FAST_MATH = YES;
				ONLY_ACTIVE_ARCH = YES;
				SDKROOT = iphoneos;
				SWIFT_ACTIVE_COMPILATION_CONDITIONS = "DEBUG $(inherited)";
				SWIFT_OPTIMIZATION_LEVEL = "-Onone";
			};
			name = Debug;
		};
		6A836E102B06340200E323D0 /* Release */ = {
			isa = XCBuildConfiguration;
			buildSettings = {
				ALWAYS_SEARCH_USER_PATHS = NO;
				ASSETCATALOG_COMPILER_GENERATE_SWIFT_ASSET_SYMBOL_EXTENSIONS = YES;
				CLANG_ANALYZER_NONNULL = YES;
				CLANG_ANALYZER_NUMBER_OBJECT_CONVERSION = YES_AGGRESSIVE;
				CLANG_CXX_LANGUAGE_STANDARD = "gnu++20";
				CLANG_ENABLE_MODULES = YES;
				CLANG_ENABLE_OBJC_ARC = YES;
				CLANG_ENABLE_OBJC_WEAK = YES;
				CLANG_WARN_BLOCK_CAPTURE_AUTORELEASING = YES;
				CLANG_WARN_BOOL_CONVERSION = YES;
				CLANG_WARN_COMMA = YES;
				CLANG_WARN_CONSTANT_CONVERSION = YES;
				CLANG_WARN_DEPRECATED_OBJC_IMPLEMENTATIONS = YES;
				CLANG_WARN_DIRECT_OBJC_ISA_USAGE = YES_ERROR;
				CLANG_WARN_DOCUMENTATION_COMMENTS = YES;
				CLANG_WARN_EMPTY_BODY = YES;
				CLANG_WARN_ENUM_CONVERSION = YES;
				CLANG_WARN_INFINITE_RECURSION = YES;
				CLANG_WARN_INT_CONVERSION = YES;
				CLANG_WARN_NON_LITERAL_NULL_CONVERSION = YES;
				CLANG_WARN_OBJC_IMPLICIT_RETAIN_SELF = YES;
				CLANG_WARN_OBJC_LITERAL_CONVERSION = YES;
				CLANG_WARN_OBJC_ROOT_CLASS = YES_ERROR;
				CLANG_WARN_QUOTED_INCLUDE_IN_FRAMEWORK_HEADER = YES;
				CLANG_WARN_RANGE_LOOP_ANALYSIS = YES;
				CLANG_WARN_STRICT_PROTOTYPES = YES;
				CLANG_WARN_SUSPICIOUS_MOVE = YES;
				CLANG_WARN_UNGUARDED_AVAILABILITY = YES_AGGRESSIVE;
				CLANG_WARN_UNREACHABLE_CODE = YES;
				CLANG_WARN__DUPLICATE_METHOD_MATCH = YES;
				COPY_PHASE_STRIP = NO;
				DEBUG_INFORMATION_FORMAT = "dwarf-with-dsym";
				ENABLE_NS_ASSERTIONS = NO;
				ENABLE_STRICT_OBJC_MSGSEND = YES;
				ENABLE_USER_SCRIPT_SANDBOXING = YES;
				GCC_C_LANGUAGE_STANDARD = gnu17;
				GCC_NO_COMMON_BLOCKS = YES;
				GCC_WARN_64_TO_32_BIT_CONVERSION = YES;
				GCC_WARN_ABOUT_RETURN_TYPE = YES_ERROR;
				GCC_WARN_UNDECLARED_SELECTOR = YES;
				GCC_WARN_UNINITIALIZED_AUTOS = YES_AGGRESSIVE;
				GCC_WARN_UNUSED_FUNCTION = YES;
				GCC_WARN_UNUSED_VARIABLE = YES;
				IPHONEOS_DEPLOYMENT_TARGET = 17.0;
				LOCALIZATION_PREFERS_STRING_CATALOGS = YES;
				MTL_ENABLE_DEBUG_INFO = NO;
				MTL_FAST_MATH = YES;
				SDKROOT = iphoneos;
				SWIFT_COMPILATION_MODE = wholemodule;
				VALIDATE_PRODUCT = YES;
			};
			name = Release;
		};
		6A836E122B06340200E323D0 /* Debug */ = {
			isa = XCBuildConfiguration;
			buildSettings = {
				ASSETCATALOG_COMPILER_APPICON_NAME = AppIcon;
				ASSETCATALOG_COMPILER_GLOBAL_ACCENT_COLOR_NAME = AccentColor;
				CLANG_ENABLE_MODULES = YES;
				CODE_SIGN_STYLE = Automatic;
				CURRENT_PROJECT_VERSION = 1;
				DEVELOPMENT_ASSET_PATHS = "\"ShaderDemo/Preview Content\"";
				DEVELOPMENT_TEAM = HY8AUX8L27;
				ENABLE_PREVIEWS = YES;
				GENERATE_INFOPLIST_FILE = YES;
				INFOPLIST_KEY_NSCameraUsageDescription = "";
				INFOPLIST_KEY_UIApplicationSupportsIndirectInputEvents = YES;
				INFOPLIST_KEY_UILaunchScreen_Generation = YES;
				INFOPLIST_KEY_UIRequiredDeviceCapabilities = arkit;
				INFOPLIST_KEY_UIStatusBarHidden = YES;
				INFOPLIST_KEY_UISupportedInterfaceOrientations_iPad = "UIInterfaceOrientationPortrait UIInterfaceOrientationPortraitUpsideDown UIInterfaceOrientationLandscapeLeft UIInterfaceOrientationLandscapeRight";
				INFOPLIST_KEY_UISupportedInterfaceOrientations_iPhone = "UIInterfaceOrientationPortrait UIInterfaceOrientationLandscapeLeft UIInterfaceOrientationLandscapeRight";
				LD_RUNPATH_SEARCH_PATHS = (
					"$(inherited)",
					"@executable_path/Frameworks",
				);
				MARKETING_VERSION = 1.0;
				PRODUCT_BUNDLE_IDENTIFIER = studio.linebreak.ShaderDemo;
				PRODUCT_NAME = "$(TARGET_NAME)";
				SWIFT_EMIT_LOC_STRINGS = YES;
				SWIFT_OPTIMIZATION_LEVEL = "-Onone";
				SWIFT_VERSION = 5.0;
				TARGETED_DEVICE_FAMILY = "1,2";
			};
			name = Debug;
		};
		6A836E132B06340200E323D0 /* Release */ = {
			isa = XCBuildConfiguration;
			buildSettings = {
				ASSETCATALOG_COMPILER_APPICON_NAME = AppIcon;
				ASSETCATALOG_COMPILER_GLOBAL_ACCENT_COLOR_NAME = AccentColor;
				CLANG_ENABLE_MODULES = YES;
				CODE_SIGN_STYLE = Automatic;
				CURRENT_PROJECT_VERSION = 1;
				DEVELOPMENT_ASSET_PATHS = "\"ShaderDemo/Preview Content\"";
				DEVELOPMENT_TEAM = HY8AUX8L27;
				ENABLE_PREVIEWS = YES;
				GENERATE_INFOPLIST_FILE = YES;
				INFOPLIST_KEY_NSCameraUsageDescription = "";
				INFOPLIST_KEY_UIApplicationSupportsIndirectInputEvents = YES;
				INFOPLIST_KEY_UILaunchScreen_Generation = YES;
				INFOPLIST_KEY_UIRequiredDeviceCapabilities = arkit;
				INFOPLIST_KEY_UIStatusBarHidden = YES;
				INFOPLIST_KEY_UISupportedInterfaceOrientations_iPad = "UIInterfaceOrientationPortrait UIInterfaceOrientationPortraitUpsideDown UIInterfaceOrientationLandscapeLeft UIInterfaceOrientationLandscapeRight";
				INFOPLIST_KEY_UISupportedInterfaceOrientations_iPhone = "UIInterfaceOrientationPortrait UIInterfaceOrientationLandscapeLeft UIInterfaceOrientationLandscapeRight";
				LD_RUNPATH_SEARCH_PATHS = (
					"$(inherited)",
					"@executable_path/Frameworks",
				);
				MARKETING_VERSION = 1.0;
				PRODUCT_BUNDLE_IDENTIFIER = studio.linebreak.ShaderDemo;
				PRODUCT_NAME = "$(TARGET_NAME)";
				SWIFT_EMIT_LOC_STRINGS = YES;
				SWIFT_VERSION = 5.0;
				TARGETED_DEVICE_FAMILY = "1,2";
			};
			name = Release;
		};
/* End XCBuildConfiguration section */

/* Begin XCConfigurationList section */
		6A836DFE2B06340100E323D0 /* Build configuration list for PBXProject "ShaderDemo" */ = {
			isa = XCConfigurationList;
			buildConfigurations = (
				6A836E0F2B06340200E323D0 /* Debug */,
				6A836E102B06340200E323D0 /* Release */,
			);
			defaultConfigurationIsVisible = 0;
			defaultConfigurationName = Release;
		};
		6A836E112B06340200E323D0 /* Build configuration list for PBXNativeTarget "ShaderDemo" */ = {
			isa = XCConfigurationList;
			buildConfigurations = (
				6A836E122B06340200E323D0 /* Debug */,
				6A836E132B06340200E323D0 /* Release */,
			);
			defaultConfigurationIsVisible = 0;
			defaultConfigurationName = Release;
		};
/* End XCConfigurationList section */
	};
	rootObject = 6A836DFB2B06340100E323D0 /* Project object */;
}
